// !$*UTF8*$!
{
	archiveVersion = 1;
	classes = {
	};
	objectVersion = 46;
	objects = {

/* Begin PBXBuildFile section */
		CC54ABAC1ED6D9B800E4EA52 /* AppDelegate.swift in Sources */ = {isa = PBXBuildFile; fileRef = CC54ABAB1ED6D9B800E4EA52 /* AppDelegate.swift */; };
		CC54ABAE1ED6D9B800E4EA52 /* ViewController.swift in Sources */ = {isa = PBXBuildFile; fileRef = CC54ABAD1ED6D9B800E4EA52 /* ViewController.swift */; };
		CC54ABB11ED6D9B800E4EA52 /* Main.storyboard in Resources */ = {isa = PBXBuildFile; fileRef = CC54ABAF1ED6D9B800E4EA52 /* Main.storyboard */; };
		CC54ABB31ED6D9B800E4EA52 /* Assets.xcassets in Resources */ = {isa = PBXBuildFile; fileRef = CC54ABB21ED6D9B800E4EA52 /* Assets.xcassets */; };
		CC54ABB61ED6D9B800E4EA52 /* LaunchScreen.storyboard in Resources */ = {isa = PBXBuildFile; fileRef = CC54ABB41ED6D9B800E4EA52 /* LaunchScreen.storyboard */; };
		CC54ABBE1ED6DDDA00E4EA52 /* pokemon.csv in Resources */ = {isa = PBXBuildFile; fileRef = CC54ABBD1ED6DDDA00E4EA52 /* pokemon.csv */; };
/* End PBXBuildFile section */

/* Begin PBXFileReference section */
		CC54ABA81ED6D9B800E4EA52 /* pokedex.app */ = {isa = PBXFileReference; explicitFileType = wrapper.application; includeInIndex = 0; path = pokedex.app; sourceTree = BUILT_PRODUCTS_DIR; };
		CC54ABAB1ED6D9B800E4EA52 /* AppDelegate.swift */ = {isa = PBXFileReference; lastKnownFileType = sourcecode.swift; path = AppDelegate.swift; sourceTree = "<group>"; };
		CC54ABAD1ED6D9B800E4EA52 /* ViewController.swift */ = {isa = PBXFileReference; lastKnownFileType = sourcecode.swift; path = ViewController.swift; sourceTree = "<group>"; };
		CC54ABB01ED6D9B800E4EA52 /* Base */ = {isa = PBXFileReference; lastKnownFileType = file.storyboard; name = Base; path = Base.lproj/Main.storyboard; sourceTree = "<group>"; };
		CC54ABB21ED6D9B800E4EA52 /* Assets.xcassets */ = {isa = PBXFileReference; lastKnownFileType = folder.assetcatalog; path = Assets.xcassets; sourceTree = "<group>"; };
		CC54ABB51ED6D9B800E4EA52 /* Base */ = {isa = PBXFileReference; lastKnownFileType = file.storyboard; name = Base; path = Base.lproj/LaunchScreen.storyboard; sourceTree = "<group>"; };
		CC54ABB71ED6D9B800E4EA52 /* Info.plist */ = {isa = PBXFileReference; lastKnownFileType = text.plist.xml; path = Info.plist; sourceTree = "<group>"; };
		CC54ABBD1ED6DDDA00E4EA52 /* pokemon.csv */ = {isa = PBXFileReference; fileEncoding = 4; lastKnownFileType = text; path = pokemon.csv; sourceTree = "<group>"; };
/* End PBXFileReference section */

/* Begin PBXFrameworksBuildPhase section */
		CC54ABA51ED6D9B800E4EA52 /* Frameworks */ = {
			isa = PBXFrameworksBuildPhase;
			buildActionMask = 2147483647;
			files = (
			);
			runOnlyForDeploymentPostprocessing = 0;
		};
/* End PBXFrameworksBuildPhase section */

/* Begin PBXGroup section */
		CC54AB9F1ED6D9B800E4EA52 = {
			isa = PBXGroup;
			children = (
				CC54ABAA1ED6D9B800E4EA52 /* pokedex */,
				CC54ABA91ED6D9B800E4EA52 /* Products */,
			);
			sourceTree = "<group>";
		};
		CC54ABA91ED6D9B800E4EA52 /* Products */ = {
			isa = PBXGroup;
			children = (
				CC54ABA81ED6D9B800E4EA52 /* pokedex.app */,
			);
			name = Products;
			sourceTree = "<group>";
		};
		CC54ABAA1ED6D9B800E4EA52 /* pokedex */ = {
			isa = PBXGroup;
			children = (
				CC54ABAB1ED6D9B800E4EA52 /* AppDelegate.swift */,
				CC54ABAD1ED6D9B800E4EA52 /* ViewController.swift */,
				CC54ABAF1ED6D9B800E4EA52 /* Main.storyboard */,
				CC54ABB21ED6D9B800E4EA52 /* Assets.xcassets */,
				CC54ABBD1ED6DDDA00E4EA52 /* pokemon.csv */,
				CC54ABB41ED6D9B800E4EA52 /* LaunchScreen.storyboard */,
				CC54ABB71ED6D9B800E4EA52 /* Info.plist */,
			);
			path = pokedex;
			sourceTree = "<group>";
		};
/* End PBXGroup section */

/* Begin PBXNativeTarget section */
		CC54ABA71ED6D9B800E4EA52 /* pokedex */ = {
			isa = PBXNativeTarget;
			buildConfigurationList = CC54ABBA1ED6D9B800E4EA52 /* Build configuration list for PBXNativeTarget "pokedex" */;
			buildPhases = (
				CC54ABA41ED6D9B800E4EA52 /* Sources */,
				CC54ABA51ED6D9B800E4EA52 /* Frameworks */,
				CC54ABA61ED6D9B800E4EA52 /* Resources */,
			);
			buildRules = (
			);
			dependencies = (
			);
			name = pokedex;
			productName = pokedex;
			productReference = CC54ABA81ED6D9B800E4EA52 /* pokedex.app */;
			productType = "com.apple.product-type.application";
		};
/* End PBXNativeTarget section */

/* Begin PBXProject section */
		CC54ABA01ED6D9B800E4EA52 /* Project object */ = {
			isa = PBXProject;
			attributes = {
				LastSwiftUpdateCheck = 0830;
				LastUpgradeCheck = 0830;
				ORGANIZATIONNAME = Grantanthill;
				TargetAttributes = {
					CC54ABA71ED6D9B800E4EA52 = {
						CreatedOnToolsVersion = 8.3;
						DevelopmentTeam = U66HX79D7Y;
						ProvisioningStyle = Automatic;
					};
				};
			};
			buildConfigurationList = CC54ABA31ED6D9B800E4EA52 /* Build configuration list for PBXProject "pokedex" */;
			compatibilityVersion = "Xcode 3.2";
			developmentRegion = English;
			hasScannedForEncodings = 0;
			knownRegions = (
				en,
				Base,
			);
			mainGroup = CC54AB9F1ED6D9B800E4EA52;
			productRefGroup = CC54ABA91ED6D9B800E4EA52 /* Products */;
			projectDirPath = "";
			projectRoot = "";
			targets = (
				CC54ABA71ED6D9B800E4EA52 /* pokedex */,
			);
		};
/* End PBXProject section */

/* Begin PBXResourcesBuildPhase section */
		CC54ABA61ED6D9B800E4EA52 /* Resources */ = {
			isa = PBXResourcesBuildPhase;
			buildActionMask = 2147483647;
			files = (
				CC54ABB61ED6D9B800E4EA52 /* LaunchScreen.storyboard in Resources */,
				CC54ABB31ED6D9B800E4EA52 /* Assets.xcassets in Resources */,
				CC54ABBE1ED6DDDA00E4EA52 /* pokemon.csv in Resources */,
				CC54ABB11ED6D9B800E4EA52 /* Main.storyboard in Resources */,
			);
			runOnlyForDeploymentPostprocessing = 0;
		};
/* End PBXResourcesBuildPhase section */

/* Begin PBXSourcesBuildPhase section */
		CC54ABA41ED6D9B800E4EA52 /* Sources */ = {
			isa = PBXSourcesBuildPhase;
			buildActionMask = 2147483647;
			files = (
				CC54ABAE1ED6D9B800E4EA52 /* ViewController.swift in Sources */,
				CC54ABAC1ED6D9B800E4EA52 /* AppDelegate.swift in Sources */,
			);
			runOnlyForDeploymentPostprocessing = 0;
		};
/* End PBXSourcesBuildPhase section */

/* Begin PBXVariantGroup section */
		CC54ABAF1ED6D9B800E4EA52 /* Main.storyboard */ = {
			isa = PBXVariantGroup;
			children = (
				CC54ABB01ED6D9B800E4EA52 /* Base */,
			);
			name = Main.storyboard;
			sourceTree = "<group>";
		};
		CC54ABB41ED6D9B800E4EA52 /* LaunchScreen.storyboard */ = {
			isa = PBXVariantGroup;
			children = (
				CC54ABB51ED6D9B800E4EA52 /* Base */,
			);
			name = LaunchScreen.storyboard;
			sourceTree = "<group>";
		};
/* End PBXVariantGroup section */

/* Begin XCBuildConfiguration section */
		CC54ABB81ED6D9B800E4EA52 /* Debug */ = {
			isa = XCBuildConfiguration;
			buildSettings = {
				ALWAYS_SEARCH_USER_PATHS = NO;
				CLANG_ANALYZER_NONNULL = YES;
				CLANG_ANALYZER_NUMBER_OBJECT_CONVERSION = YES_AGGRESSIVE;
				CLANG_CXX_LANGUAGE_STANDARD = "gnu++0x";
				CLANG_CXX_LIBRARY = "libc++";
				CLANG_ENABLE_MODULES = YES;
				CLANG_ENABLE_OBJC_ARC = YES;
				CLANG_WARN_BOOL_CONVERSION = YES;
				CLANG_WARN_CONSTANT_CONVERSION = YES;
				CLANG_WARN_DIRECT_OBJC_ISA_USAGE = YES_ERROR;
				CLANG_WARN_DOCUMENTATION_COMMENTS = YES;
				CLANG_WARN_EMPTY_BODY = YES;
				CLANG_WARN_ENUM_CONVERSION = YES;
				CLANG_WARN_INFINITE_RECURSION = YES;
				CLANG_WARN_INT_CONVERSION = YES;
				CLANG_WARN_OBJC_ROOT_CLASS = YES_ERROR;
				CLANG_WARN_SUSPICIOUS_MOVE = YES;
				CLANG_WARN_UNREACHABLE_CODE = YES;
				CLANG_WARN__DUPLICATE_METHOD_MATCH = YES;
				"CODE_SIGN_IDENTITY[sdk=iphoneos*]" = "iPhone Developer";
				COPY_PHASE_STRIP = NO;
				DEBUG_INFORMATION_FORMAT = dwarf;
				ENABLE_STRICT_OBJC_MSGSEND = YES;
				ENABLE_TESTABILITY = YES;
				GCC_C_LANGUAGE_STANDARD = gnu99;
				GCC_DYNAMIC_NO_PIC = NO;
				GCC_NO_COMMON_BLOCKS = YES;
				GCC_OPTIMIZATION_LEVEL = 0;
				GCC_PREPROCESSOR_DEFINITIONS = (
					"DEBUG=1",
					"$(inherited)",
				);
				GCC_WARN_64_TO_32_BIT_CONVERSION = YES;
				GCC_WARN_ABOUT_RETURN_TYPE = YES_ERROR;
				GCC_WARN_UNDECLARED_SELECTOR = YES;
				GCC_WARN_UNINITIALIZED_AUTOS = YES_AGGRESSIVE;
				GCC_WARN_UNUSED_FUNCTION = YES;
				GCC_WARN_UNUSED_VARIABLE = YES;
				IPHONEOS_DEPLOYMENT_TARGET = 10.3;
				MTL_ENABLE_DEBUG_INFO = YES;
				ONLY_ACTIVE_ARCH = YES;
				SDKROOT = iphoneos;
				SWIFT_ACTIVE_COMPILATION_CONDITIONS = DEBUG;
				SWIFT_OPTIMIZATION_LEVEL = "-Onone";
				TARGETED_DEVICE_FAMILY = "1,2";
			};
			name = Debug;
		};
		CC54ABB91ED6D9B800E4EA52 /* Release */ = {
			isa = XCBuildConfiguration;
			buildSettings = {
				ALWAYS_SEARCH_USER_PATHS = NO;
				CLANG_ANALYZER_NONNULL = YES;
				CLANG_ANALYZER_NUMBER_OBJECT_CONVERSION = YES_AGGRESSIVE;
				CLANG_CXX_LANGUAGE_STANDARD = "gnu++0x";
				CLANG_CXX_LIBRARY = "libc++";
				CLANG_ENABLE_MODULES = YES;
				CLANG_ENABLE_OBJC_ARC = YES;
				CLANG_WARN_BOOL_CONVERSION = YES;
				CLANG_WARN_CONSTANT_CONVERSION = YES;
				CLANG_WARN_DIRECT_OBJC_ISA_USAGE = YES_ERROR;
				CLANG_WARN_DOCUMENTATION_COMMENTS = YES;
				CLANG_WARN_EMPTY_BODY = YES;
				CLANG_WARN_ENUM_CONVERSION = YES;
				CLANG_WARN_INFINITE_RECURSION = YES;
				CLANG_WARN_INT_CONVERSION = YES;
				CLANG_WARN_OBJC_ROOT_CLASS = YES_ERROR;
				CLANG_WARN_SUSPICIOUS_MOVE = YES;
				CLANG_WARN_UNREACHABLE_CODE = YES;
				CLANG_WARN__DUPLICATE_METHOD_MATCH = YES;
				"CODE_SIGN_IDENTITY[sdk=iphoneos*]" = "iPhone Developer";
				COPY_PHASE_STRIP = NO;
				DEBUG_INFORMATION_FORMAT = "dwarf-with-dsym";
				ENABLE_NS_ASSERTIONS = NO;
				ENABLE_STRICT_OBJC_MSGSEND = YES;
				GCC_C_LANGUAGE_STANDARD = gnu99;
				GCC_NO_COMMON_BLOCKS = YES;
				GCC_WARN_64_TO_32_BIT_CONVERSION = YES;
				GCC_WARN_ABOUT_RETURN_TYPE = YES_ERROR;
				GCC_WARN_UNDECLARED_SELECTOR = YES;
				GCC_WARN_UNINITIALIZED_AUTOS = YES_AGGRESSIVE;
				GCC_WARN_UNUSED_FUNCTION = YES;
				GCC_WARN_UNUSED_VARIABLE = YES;
				IPHONEOS_DEPLOYMENT_TARGET = 10.3;
				MTL_ENABLE_DEBUG_INFO = NO;
				SDKROOT = iphoneos;
				SWIFT_OPTIMIZATION_LEVEL = "-Owholemodule";
				TARGETED_DEVICE_FAMILY = "1,2";
				VALIDATE_PRODUCT = YES;
			};
			name = Release;
		};
		CC54ABBB1ED6D9B800E4EA52 /* Debug */ = {
			isa = XCBuildConfiguration;
			buildSettings = {
				ASSETCATALOG_COMPILER_APPICON_NAME = AppIcon;
				DEVELOPMENT_TEAM = U66HX79D7Y;
				INFOPLIST_FILE = pokedex/Info.plist;
				LD_RUNPATH_SEARCH_PATHS = "$(inherited) @executable_path/Frameworks";
				PRODUCT_BUNDLE_IDENTIFIER = com.grantanthill.pokedex;
				PRODUCT_NAME = "$(TARGET_NAME)";
				SWIFT_VERSION = 3.0;
			};
			name = Debug;
		};
		CC54ABBC1ED6D9B800E4EA52 /* Release */ = {
			isa = XCBuildConfiguration;
			buildSettings = {
				ASSETCATALOG_COMPILER_APPICON_NAME = AppIcon;
				DEVELOPMENT_TEAM = U66HX79D7Y;
				INFOPLIST_FILE = pokedex/Info.plist;
				LD_RUNPATH_SEARCH_PATHS = "$(inherited) @executable_path/Frameworks";
				PRODUCT_BUNDLE_IDENTIFIER = com.grantanthill.pokedex;
				PRODUCT_NAME = "$(TARGET_NAME)";
				SWIFT_VERSION = 3.0;
			};
			name = Release;
		};
/* End XCBuildConfiguration section */

/* Begin XCConfigurationList section */
		CC54ABA31ED6D9B800E4EA52 /* Build configuration list for PBXProject "pokedex" */ = {
			isa = XCConfigurationList;
			buildConfigurations = (
				CC54ABB81ED6D9B800E4EA52 /* Debug */,
				CC54ABB91ED6D9B800E4EA52 /* Release */,
			);
			defaultConfigurationIsVisible = 0;
			defaultConfigurationName = Release;
		};
		CC54ABBA1ED6D9B800E4EA52 /* Build configuration list for PBXNativeTarget "pokedex" */ = {
			isa = XCConfigurationList;
			buildConfigurations = (
				CC54ABBB1ED6D9B800E4EA52 /* Debug */,
				CC54ABBC1ED6D9B800E4EA52 /* Release */,
			);
			defaultConfigurationIsVisible = 0;
		};
/* End XCConfigurationList section */
	};
	rootObject = CC54ABA01ED6D9B800E4EA52 /* Project object */;
}
